// !$*UTF8*$!
{
	archiveVersion = 1;
	classes = {
	};
	objectVersion = 46;
	objects = {

/* Begin PBXBuildFile section */
		D3C8D0EA1B02D9A500ACD6BA /* AppDelegate.swift in Sources */ = {isa = PBXBuildFile; fileRef = D3C8D0E91B02D9A500ACD6BA /* AppDelegate.swift */; };
		D3C8D0EC1B02D9A500ACD6BA /* Images.xcassets in Resources */ = {isa = PBXBuildFile; fileRef = D3C8D0EB1B02D9A500ACD6BA /* Images.xcassets */; };
		D3C8D0EF1B02D9A500ACD6BA /* MainMenu.xib in Resources */ = {isa = PBXBuildFile; fileRef = D3C8D0ED1B02D9A500ACD6BA /* MainMenu.xib */; };
		D3C8D0FB1B02D9A500ACD6BA /* AlertProgramTests.swift in Sources */ = {isa = PBXBuildFile; fileRef = D3C8D0FA1B02D9A500ACD6BA /* AlertProgramTests.swift */; };
/* End PBXBuildFile section */

/* Begin PBXContainerItemProxy section */
		D3C8D0F51B02D9A500ACD6BA /* PBXContainerItemProxy */ = {
			isa = PBXContainerItemProxy;
			containerPortal = D3C8D0DC1B02D9A500ACD6BA /* Project object */;
			proxyType = 1;
			remoteGlobalIDString = D3C8D0E31B02D9A500ACD6BA;
			remoteInfo = AlertProgram;
		};
/* End PBXContainerItemProxy section */

/* Begin PBXFileReference section */
		D3C8D0E41B02D9A500ACD6BA /* AlertProgram.app */ = {isa = PBXFileReference; explicitFileType = wrapper.application; includeInIndex = 0; path = AlertProgram.app; sourceTree = BUILT_PRODUCTS_DIR; };
		D3C8D0E81B02D9A500ACD6BA /* Info.plist */ = {isa = PBXFileReference; lastKnownFileType = text.plist.xml; path = Info.plist; sourceTree = "<group>"; };
		D3C8D0E91B02D9A500ACD6BA /* AppDelegate.swift */ = {isa = PBXFileReference; lastKnownFileType = sourcecode.swift; path = AppDelegate.swift; sourceTree = "<group>"; };
		D3C8D0EB1B02D9A500ACD6BA /* Images.xcassets */ = {isa = PBXFileReference; lastKnownFileType = folder.assetcatalog; path = Images.xcassets; sourceTree = "<group>"; };
		D3C8D0EE1B02D9A500ACD6BA /* Base */ = {isa = PBXFileReference; lastKnownFileType = file.xib; name = Base; path = Base.lproj/MainMenu.xib; sourceTree = "<group>"; };
		D3C8D0F41B02D9A500ACD6BA /* AlertProgramTests.xctest */ = {isa = PBXFileReference; explicitFileType = wrapper.cfbundle; includeInIndex = 0; path = AlertProgramTests.xctest; sourceTree = BUILT_PRODUCTS_DIR; };
		D3C8D0F91B02D9A500ACD6BA /* Info.plist */ = {isa = PBXFileReference; lastKnownFileType = text.plist.xml; path = Info.plist; sourceTree = "<group>"; };
		D3C8D0FA1B02D9A500ACD6BA /* AlertProgramTests.swift */ = {isa = PBXFileReference; lastKnownFileType = sourcecode.swift; path = AlertProgramTests.swift; sourceTree = "<group>"; };
/* End PBXFileReference section */

/* Begin PBXFrameworksBuildPhase section */
		D3C8D0E11B02D9A500ACD6BA /* Frameworks */ = {
			isa = PBXFrameworksBuildPhase;
			buildActionMask = 2147483647;
			files = (
			);
			runOnlyForDeploymentPostprocessing = 0;
		};
		D3C8D0F11B02D9A500ACD6BA /* Frameworks */ = {
			isa = PBXFrameworksBuildPhase;
			buildActionMask = 2147483647;
			files = (
			);
			runOnlyForDeploymentPostprocessing = 0;
		};
/* End PBXFrameworksBuildPhase section */

/* Begin PBXGroup section */
		D3C8D0DB1B02D9A500ACD6BA = {
			isa = PBXGroup;
			children = (
				D3C8D0E61B02D9A500ACD6BA /* AlertProgram */,
				D3C8D0F71B02D9A500ACD6BA /* AlertProgramTests */,
				D3C8D0E51B02D9A500ACD6BA /* Products */,
			);
			sourceTree = "<group>";
		};
		D3C8D0E51B02D9A500ACD6BA /* Products */ = {
			isa = PBXGroup;
			children = (
				D3C8D0E41B02D9A500ACD6BA /* AlertProgram.app */,
				D3C8D0F41B02D9A500ACD6BA /* AlertProgramTests.xctest */,
			);
			name = Products;
			sourceTree = "<group>";
		};
		D3C8D0E61B02D9A500ACD6BA /* AlertProgram */ = {
			isa = PBXGroup;
			children = (
				D3C8D0E91B02D9A500ACD6BA /* AppDelegate.swift */,
				D3C8D0EB1B02D9A500ACD6BA /* Images.xcassets */,
				D3C8D0ED1B02D9A500ACD6BA /* MainMenu.xib */,
				D3C8D0E71B02D9A500ACD6BA /* Supporting Files */,
			);
			path = AlertProgram;
			sourceTree = "<group>";
		};
		D3C8D0E71B02D9A500ACD6BA /* Supporting Files */ = {
			isa = PBXGroup;
			children = (
				D3C8D0E81B02D9A500ACD6BA /* Info.plist */,
			);
			name = "Supporting Files";
			sourceTree = "<group>";
		};
		D3C8D0F71B02D9A500ACD6BA /* AlertProgramTests */ = {
			isa = PBXGroup;
			children = (
				D3C8D0FA1B02D9A500ACD6BA /* AlertProgramTests.swift */,
				D3C8D0F81B02D9A500ACD6BA /* Supporting Files */,
			);
			path = AlertProgramTests;
			sourceTree = "<group>";
		};
		D3C8D0F81B02D9A500ACD6BA /* Supporting Files */ = {
			isa = PBXGroup;
			children = (
				D3C8D0F91B02D9A500ACD6BA /* Info.plist */,
			);
			name = "Supporting Files";
			sourceTree = "<group>";
		};
/* End PBXGroup section */

/* Begin PBXNativeTarget section */
		D3C8D0E31B02D9A500ACD6BA /* AlertProgram */ = {
			isa = PBXNativeTarget;
			buildConfigurationList = D3C8D0FE1B02D9A500ACD6BA /* Build configuration list for PBXNativeTarget "AlertProgram" */;
			buildPhases = (
				D3C8D0E01B02D9A500ACD6BA /* Sources */,
				D3C8D0E11B02D9A500ACD6BA /* Frameworks */,
				D3C8D0E21B02D9A500ACD6BA /* Resources */,
			);
			buildRules = (
			);
			dependencies = (
			);
			name = AlertProgram;
			productName = AlertProgram;
			productReference = D3C8D0E41B02D9A500ACD6BA /* AlertProgram.app */;
			productType = "com.apple.product-type.application";
		};
		D3C8D0F31B02D9A500ACD6BA /* AlertProgramTests */ = {
			isa = PBXNativeTarget;
			buildConfigurationList = D3C8D1011B02D9A500ACD6BA /* Build configuration list for PBXNativeTarget "AlertProgramTests" */;
			buildPhases = (
				D3C8D0F01B02D9A500ACD6BA /* Sources */,
				D3C8D0F11B02D9A500ACD6BA /* Frameworks */,
				D3C8D0F21B02D9A500ACD6BA /* Resources */,
			);
			buildRules = (
			);
			dependencies = (
				D3C8D0F61B02D9A500ACD6BA /* PBXTargetDependency */,
			);
			name = AlertProgramTests;
			productName = AlertProgramTests;
			productReference = D3C8D0F41B02D9A500ACD6BA /* AlertProgramTests.xctest */;
			productType = "com.apple.product-type.bundle.unit-test";
		};
/* End PBXNativeTarget section */

/* Begin PBXProject section */
		D3C8D0DC1B02D9A500ACD6BA /* Project object */ = {
			isa = PBXProject;
			attributes = {
				LastSwiftMigration = 0720;
				LastSwiftUpdateCheck = 0720;
				LastUpgradeCheck = 0630;
				ORGANIZATIONNAME = "Wallace Wang";
				TargetAttributes = {
					D3C8D0E31B02D9A500ACD6BA = {
						CreatedOnToolsVersion = 6.3.1;
					};
					D3C8D0F31B02D9A500ACD6BA = {
						CreatedOnToolsVersion = 6.3.1;
						TestTargetID = D3C8D0E31B02D9A500ACD6BA;
					};
				};
			};
			buildConfigurationList = D3C8D0DF1B02D9A500ACD6BA /* Build configuration list for PBXProject "AlertProgram" */;
			compatibilityVersion = "Xcode 3.2";
			developmentRegion = English;
			hasScannedForEncodings = 0;
			knownRegions = (
				en,
				Base,
			);
			mainGroup = D3C8D0DB1B02D9A500ACD6BA;
			productRefGroup = D3C8D0E51B02D9A500ACD6BA /* Products */;
			projectDirPath = "";
			projectRoot = "";
			targets = (
				D3C8D0E31B02D9A500ACD6BA /* AlertProgram */,
				D3C8D0F31B02D9A500ACD6BA /* AlertProgramTests */,
			);
		};
/* End PBXProject section */

/* Begin PBXResourcesBuildPhase section */
		D3C8D0E21B02D9A500ACD6BA /* Resources */ = {
			isa = PBXResourcesBuildPhase;
			buildActionMask = 2147483647;
			files = (
				D3C8D0EC1B02D9A500ACD6BA /* Images.xcassets in Resources */,
				D3C8D0EF1B02D9A500ACD6BA /* MainMenu.xib in Resources */,
			);
			runOnlyForDeploymentPostprocessing = 0;
		};
		D3C8D0F21B02D9A500ACD6BA /* Resources */ = {
			isa = PBXResourcesBuildPhase;
			buildActionMask = 2147483647;
			files = (
			);
			runOnlyForDeploymentPostprocessing = 0;
		};
/* End PBXResourcesBuildPhase section */

/* Begin PBXSourcesBuildPhase section */
		D3C8D0E01B02D9A500ACD6BA /* Sources */ = {
			isa = PBXSourcesBuildPhase;
			buildActionMask = 2147483647;
			files = (
				D3C8D0EA1B02D9A500ACD6BA /* AppDelegate.swift in Sources */,
			);
			runOnlyForDeploymentPostprocessing = 0;
		};
		D3C8D0F01B02D9A500ACD6BA /* Sources */ = {
			isa = PBXSourcesBuildPhase;
			buildActionMask = 2147483647;
			files = (
				D3C8D0FB1B02D9A500ACD6BA /* AlertProgramTests.swift in Sources */,
			);
			runOnlyForDeploymentPostprocessing = 0;
		};
/* End PBXSourcesBuildPhase section */

/* Begin PBXTargetDependency section */
		D3C8D0F61B02D9A500ACD6BA /* PBXTargetDependency */ = {
			isa = PBXTargetDependency;
			target = D3C8D0E31B02D9A500ACD6BA /* AlertProgram */;
			targetProxy = D3C8D0F51B02D9A500ACD6BA /* PBXContainerItemProxy */;
		};
/* End PBXTargetDependency section */

/* Begin PBXVariantGroup section */
		D3C8D0ED1B02D9A500ACD6BA /* MainMenu.xib */ = {
			isa = PBXVariantGroup;
			children = (
				D3C8D0EE1B02D9A500ACD6BA /* Base */,
			);
			name = MainMenu.xib;
			sourceTree = "<group>";
		};
/* End PBXVariantGroup section */

/* Begin XCBuildConfiguration section */
		D3C8D0FC1B02D9A500ACD6BA /* Debug */ = {
			isa = XCBuildConfiguration;
			buildSettings = {
				ALWAYS_SEARCH_USER_PATHS = NO;
				CLANG_CXX_LANGUAGE_STANDARD = "gnu++0x";
				CLANG_CXX_LIBRARY = "libc++";
				CLANG_ENABLE_MODULES = YES;
				CLANG_ENABLE_OBJC_ARC = YES;
				CLANG_WARN_BOOL_CONVERSION = YES;
				CLANG_WARN_CONSTANT_CONVERSION = YES;
				CLANG_WARN_DIRECT_OBJC_ISA_USAGE = YES_ERROR;
				CLANG_WARN_EMPTY_BODY = YES;
				CLANG_WARN_ENUM_CONVERSION = YES;
				CLANG_WARN_INT_CONVERSION = YES;
				CLANG_WARN_OBJC_ROOT_CLASS = YES_ERROR;
				CLANG_WARN_UNREACHABLE_CODE = YES;
				CLANG_WARN__DUPLICATE_METHOD_MATCH = YES;
				CODE_SIGN_IDENTITY = "-";
				COPY_PHASE_STRIP = NO;
				DEBUG_INFORMATION_FORMAT = dwarf;
				ENABLE_STRICT_OBJC_MSGSEND = YES;
				GCC_C_LANGUAGE_STANDARD = gnu99;
				GCC_DYNAMIC_NO_PIC = NO;
				GCC_NO_COMMON_BLOCKS = YES;
				GCC_OPTIMIZATION_LEVEL = 0;
				GCC_PREPROCESSOR_DEFINITIONS = (
					"DEBUG=1",
					"$(inherited)",
				);
				GCC_SYMBOLS_PRIVATE_EXTERN = NO;
				GCC_WARN_64_TO_32_BIT_CONVERSION = YES;
				GCC_WARN_ABOUT_RETURN_TYPE = YES_ERROR;
				GCC_WARN_UNDECLARED_SELECTOR = YES;
				GCC_WARN_UNINITIALIZED_AUTOS = YES_AGGRESSIVE;
				GCC_WARN_UNUSED_FUNCTION = YES;
				GCC_WARN_UNUSED_VARIABLE = YES;
				MACOSX_DEPLOYMENT_TARGET = 10.10;
				MTL_ENABLE_DEBUG_INFO = YES;
				ONLY_ACTIVE_ARCH = YES;
				SDKROOT = macosx;
				SWIFT_OPTIMIZATION_LEVEL = "-Onone";
			};
			name = Debug;
		};
		D3C8D0FD1B02D9A500ACD6BA /* Release */ = {
			isa = XCBuildConfiguration;
			buildSettings = {
				ALWAYS_SEARCH_USER_PATHS = NO;
				CLANG_CXX_LANGUAGE_STANDARD = "gnu++0x";
				CLANG_CXX_LIBRARY = "libc++";
				CLANG_ENABLE_MODULES = YES;
				CLANG_ENABLE_OBJC_ARC = YES;
				CLANG_WARN_BOOL_CONVERSION = YES;
				CLANG_WARN_CONSTANT_CONVERSION = YES;
				CLANG_WARN_DIRECT_OBJC_ISA_USAGE = YES_ERROR;
				CLANG_WARN_EMPTY_BODY = YES;
				CLANG_WARN_ENUM_CONVERSION = YES;
				CLANG_WARN_INT_CONVERSION = YES;
				CLANG_WARN_OBJC_ROOT_CLASS = YES_ERROR;
				CLANG_WARN_UNREACHABLE_CODE = YES;
				CLANG_WARN__DUPLICATE_METHOD_MATCH = YES;
				CODE_SIGN_IDENTITY = "-";
				COPY_PHASE_STRIP = NO;
				DEBUG_INFORMATION_FORMAT = "dwarf-with-dsym";
				ENABLE_NS_ASSERTIONS = NO;
				ENABLE_STRICT_OBJC_MSGSEND = YES;
				GCC_C_LANGUAGE_STANDARD = gnu99;
				GCC_NO_COMMON_BLOCKS = YES;
				GCC_WARN_64_TO_32_BIT_CONVERSION = YES;
				GCC_WARN_ABOUT_RETURN_TYPE = YES_ERROR;
				GCC_WARN_UNDECLARED_SELECTOR = YES;
				GCC_WARN_UNINITIALIZED_AUTOS = YES_AGGRESSIVE;
				GCC_WARN_UNUSED_FUNCTION = YES;
				GCC_WARN_UNUSED_VARIABLE = YES;
				MACOSX_DEPLOYMENT_TARGET = 10.10;
				MTL_ENABLE_DEBUG_INFO = NO;
				SDKROOT = macosx;
			};
			name = Release;
		};
		D3C8D0FF1B02D9A500ACD6BA /* Debug */ = {
			isa = XCBuildConfiguration;
			buildSettings = {
				ASSETCATALOG_COMPILER_APPICON_NAME = AppIcon;
				COMBINE_HIDPI_IMAGES = YES;
				INFOPLIST_FILE = AlertProgram/Info.plist;
				LD_RUNPATH_SEARCH_PATHS = "$(inherited) @executable_path/../Frameworks";
				PRODUCT_NAME = "$(TARGET_NAME)";
			};
			name = Debug;
		};
		D3C8D1001B02D9A500ACD6BA /* Release */ = {
			isa = XCBuildConfiguration;
			buildSettings = {
				ASSETCATALOG_COMPILER_APPICON_NAME = AppIcon;
				COMBINE_HIDPI_IMAGES = YES;
				INFOPLIST_FILE = AlertProgram/Info.plist;
				LD_RUNPATH_SEARCH_PATHS = "$(inherited) @executable_path/../Frameworks";
				PRODUCT_NAME = "$(TARGET_NAME)";
			};
			name = Release;
		};
		D3C8D1021B02D9A500ACD6BA /* Debug */ = {
			isa = XCBuildConfiguration;
			buildSettings = {
				BUNDLE_LOADER = "$(TEST_HOST)";
				COMBINE_HIDPI_IMAGES = YES;
				FRAMEWORK_SEARCH_PATHS = (
					"$(DEVELOPER_FRAMEWORKS_DIR)",
					"$(inherited)",
				);
				GCC_PREPROCESSOR_DEFINITIONS = (
					"DEBUG=1",
					"$(inherited)",
				);
				INFOPLIST_FILE = AlertProgramTests/Info.plist;
				LD_RUNPATH_SEARCH_PATHS = "$(inherited) @executable_path/../Frameworks @loader_path/../Frameworks";
				PRODUCT_NAME = "$(TARGET_NAME)";
				TEST_HOST = "$(BUILT_PRODUCTS_DIR)/AlertProgram.app/Contents/MacOS/AlertProgram";
			};
			name = Debug;
		};
		D3C8D1031B02D9A500ACD6BA /* Release */ = {
			isa = XCBuildConfiguration;
			buildSettings = {
				BUNDLE_LOADER = "$(TEST_HOST)";
				COMBINE_HIDPI_IMAGES = YES;
				FRAMEWORK_SEARCH_PATHS = (
					"$(DEVELOPER_FRAMEWORKS_DIR)",
					"$(inherited)",
				);
				INFOPLIST_FILE = AlertProgramTests/Info.plist;
				LD_RUNPATH_SEARCH_PATHS = "$(inherited) @executable_path/../Frameworks @loader_path/../Frameworks";
				PRODUCT_NAME = "$(TARGET_NAME)";
				TEST_HOST = "$(BUILT_PRODUCTS_DIR)/AlertProgram.app/Contents/MacOS/AlertProgram";
			};
			name = Release;
		};
/* End XCBuildConfiguration section */

/* Begin XCConfigurationList section */
		D3C8D0DF1B02D9A500ACD6BA /* Build configuration list for PBXProject "AlertProgram" */ = {
			isa = XCConfigurationList;
			buildConfigurations = (
				D3C8D0FC1B02D9A500ACD6BA /* Debug */,
				D3C8D0FD1B02D9A500ACD6BA /* Release */,
			);
			defaultConfigurationIsVisible = 0;
			defaultConfigurationName = Release;
		};
		D3C8D0FE1B02D9A500ACD6BA /* Build configuration list for PBXNativeTarget "AlertProgram" */ = {
			isa = XCConfigurationList;
			buildConfigurations = (
				D3C8D0FF1B02D9A500ACD6BA /* Debug */,
				D3C8D1001B02D9A500ACD6BA /* Release */,
			);
			defaultConfigurationIsVisible = 0;
			defaultConfigurationName = Release;
		};
		D3C8D1011B02D9A500ACD6BA /* Build configuration list for PBXNativeTarget "AlertProgramTests" */ = {
			isa = XCConfigurationList;
			buildConfigurations = (
				D3C8D1021B02D9A500ACD6BA /* Debug */,
				D3C8D1031B02D9A500ACD6BA /* Release */,
			);
			defaultConfigurationIsVisible = 0;
			defaultConfigurationName = Release;
		};
/* End XCConfigurationList section */
	};
	rootObject = D3C8D0DC1B02D9A500ACD6BA /* Project object */;
}
