// !$*UTF8*$!
{
	archiveVersion = 1;
	classes = {
	};
	objectVersion = 46;
	objects = {

/* Begin PBXBuildFile section */
		D396408D1ADA357F00C818CB /* AppDelegate.swift in Sources */ = {isa = PBXBuildFile; fileRef = D396408C1ADA357F00C818CB /* AppDelegate.swift */; };
		D396408F1ADA357F00C818CB /* Images.xcassets in Resources */ = {isa = PBXBuildFile; fileRef = D396408E1ADA357F00C818CB /* Images.xcassets */; };
		D39640921ADA357F00C818CB /* MainMenu.xib in Resources */ = {isa = PBXBuildFile; fileRef = D39640901ADA357F00C818CB /* MainMenu.xib */; };
		D396409E1ADA357F00C818CB /* DictionaryProgramTests.swift in Sources */ = {isa = PBXBuildFile; fileRef = D396409D1ADA357F00C818CB /* DictionaryProgramTests.swift */; };
/* End PBXBuildFile section */

/* Begin PBXContainerItemProxy section */
		D39640981ADA357F00C818CB /* PBXContainerItemProxy */ = {
			isa = PBXContainerItemProxy;
			containerPortal = D396407F1ADA357F00C818CB /* Project object */;
			proxyType = 1;
			remoteGlobalIDString = D39640861ADA357F00C818CB;
			remoteInfo = DictionaryProgram;
		};
/* End PBXContainerItemProxy section */

/* Begin PBXFileReference section */
		D39640871ADA357F00C818CB /* DictionaryProgram.app */ = {isa = PBXFileReference; explicitFileType = wrapper.application; includeInIndex = 0; path = DictionaryProgram.app; sourceTree = BUILT_PRODUCTS_DIR; };
		D396408B1ADA357F00C818CB /* Info.plist */ = {isa = PBXFileReference; lastKnownFileType = text.plist.xml; path = Info.plist; sourceTree = "<group>"; };
		D396408C1ADA357F00C818CB /* AppDelegate.swift */ = {isa = PBXFileReference; lastKnownFileType = sourcecode.swift; path = AppDelegate.swift; sourceTree = "<group>"; };
		D396408E1ADA357F00C818CB /* Images.xcassets */ = {isa = PBXFileReference; lastKnownFileType = folder.assetcatalog; path = Images.xcassets; sourceTree = "<group>"; };
		D39640911ADA357F00C818CB /* Base */ = {isa = PBXFileReference; lastKnownFileType = file.xib; name = Base; path = Base.lproj/MainMenu.xib; sourceTree = "<group>"; };
		D39640971ADA357F00C818CB /* DictionaryProgramTests.xctest */ = {isa = PBXFileReference; explicitFileType = wrapper.cfbundle; includeInIndex = 0; path = DictionaryProgramTests.xctest; sourceTree = BUILT_PRODUCTS_DIR; };
		D396409C1ADA357F00C818CB /* Info.plist */ = {isa = PBXFileReference; lastKnownFileType = text.plist.xml; path = Info.plist; sourceTree = "<group>"; };
		D396409D1ADA357F00C818CB /* DictionaryProgramTests.swift */ = {isa = PBXFileReference; lastKnownFileType = sourcecode.swift; path = DictionaryProgramTests.swift; sourceTree = "<group>"; };
/* End PBXFileReference section */

/* Begin PBXFrameworksBuildPhase section */
		D39640841ADA357F00C818CB /* Frameworks */ = {
			isa = PBXFrameworksBuildPhase;
			buildActionMask = 2147483647;
			files = (
			);
			runOnlyForDeploymentPostprocessing = 0;
		};
		D39640941ADA357F00C818CB /* Frameworks */ = {
			isa = PBXFrameworksBuildPhase;
			buildActionMask = 2147483647;
			files = (
			);
			runOnlyForDeploymentPostprocessing = 0;
		};
/* End PBXFrameworksBuildPhase section */

/* Begin PBXGroup section */
		D396407E1ADA357F00C818CB = {
			isa = PBXGroup;
			children = (
				D39640891ADA357F00C818CB /* DictionaryProgram */,
				D396409A1ADA357F00C818CB /* DictionaryProgramTests */,
				D39640881ADA357F00C818CB /* Products */,
			);
			sourceTree = "<group>";
		};
		D39640881ADA357F00C818CB /* Products */ = {
			isa = PBXGroup;
			children = (
				D39640871ADA357F00C818CB /* DictionaryProgram.app */,
				D39640971ADA357F00C818CB /* DictionaryProgramTests.xctest */,
			);
			name = Products;
			sourceTree = "<group>";
		};
		D39640891ADA357F00C818CB /* DictionaryProgram */ = {
			isa = PBXGroup;
			children = (
				D396408C1ADA357F00C818CB /* AppDelegate.swift */,
				D396408E1ADA357F00C818CB /* Images.xcassets */,
				D39640901ADA357F00C818CB /* MainMenu.xib */,
				D396408A1ADA357F00C818CB /* Supporting Files */,
			);
			path = DictionaryProgram;
			sourceTree = "<group>";
		};
		D396408A1ADA357F00C818CB /* Supporting Files */ = {
			isa = PBXGroup;
			children = (
				D396408B1ADA357F00C818CB /* Info.plist */,
			);
			name = "Supporting Files";
			sourceTree = "<group>";
		};
		D396409A1ADA357F00C818CB /* DictionaryProgramTests */ = {
			isa = PBXGroup;
			children = (
				D396409D1ADA357F00C818CB /* DictionaryProgramTests.swift */,
				D396409B1ADA357F00C818CB /* Supporting Files */,
			);
			path = DictionaryProgramTests;
			sourceTree = "<group>";
		};
		D396409B1ADA357F00C818CB /* Supporting Files */ = {
			isa = PBXGroup;
			children = (
				D396409C1ADA357F00C818CB /* Info.plist */,
			);
			name = "Supporting Files";
			sourceTree = "<group>";
		};
/* End PBXGroup section */

/* Begin PBXNativeTarget section */
		D39640861ADA357F00C818CB /* DictionaryProgram */ = {
			isa = PBXNativeTarget;
			buildConfigurationList = D39640A11ADA357F00C818CB /* Build configuration list for PBXNativeTarget "DictionaryProgram" */;
			buildPhases = (
				D39640831ADA357F00C818CB /* Sources */,
				D39640841ADA357F00C818CB /* Frameworks */,
				D39640851ADA357F00C818CB /* Resources */,
			);
			buildRules = (
			);
			dependencies = (
			);
			name = DictionaryProgram;
			productName = DictionaryProgram;
			productReference = D39640871ADA357F00C818CB /* DictionaryProgram.app */;
			productType = "com.apple.product-type.application";
		};
		D39640961ADA357F00C818CB /* DictionaryProgramTests */ = {
			isa = PBXNativeTarget;
			buildConfigurationList = D39640A41ADA357F00C818CB /* Build configuration list for PBXNativeTarget "DictionaryProgramTests" */;
			buildPhases = (
				D39640931ADA357F00C818CB /* Sources */,
				D39640941ADA357F00C818CB /* Frameworks */,
				D39640951ADA357F00C818CB /* Resources */,
			);
			buildRules = (
			);
			dependencies = (
				D39640991ADA357F00C818CB /* PBXTargetDependency */,
			);
			name = DictionaryProgramTests;
			productName = DictionaryProgramTests;
			productReference = D39640971ADA357F00C818CB /* DictionaryProgramTests.xctest */;
			productType = "com.apple.product-type.bundle.unit-test";
		};
/* End PBXNativeTarget section */

/* Begin PBXProject section */
		D396407F1ADA357F00C818CB /* Project object */ = {
			isa = PBXProject;
			attributes = {
				LastSwiftUpdateCheck = 0720;
				LastUpgradeCheck = 0630;
				ORGANIZATIONNAME = "Wallace Wang";
				TargetAttributes = {
					D39640861ADA357F00C818CB = {
						CreatedOnToolsVersion = 6.3;
					};
					D39640961ADA357F00C818CB = {
						CreatedOnToolsVersion = 6.3;
						TestTargetID = D39640861ADA357F00C818CB;
					};
				};
			};
			buildConfigurationList = D39640821ADA357F00C818CB /* Build configuration list for PBXProject "DictionaryProgram" */;
			compatibilityVersion = "Xcode 3.2";
			developmentRegion = English;
			hasScannedForEncodings = 0;
			knownRegions = (
				en,
				Base,
			);
			mainGroup = D396407E1ADA357F00C818CB;
			productRefGroup = D39640881ADA357F00C818CB /* Products */;
			projectDirPath = "";
			projectRoot = "";
			targets = (
				D39640861ADA357F00C818CB /* DictionaryProgram */,
				D39640961ADA357F00C818CB /* DictionaryProgramTests */,
			);
		};
/* End PBXProject section */

/* Begin PBXResourcesBuildPhase section */
		D39640851ADA357F00C818CB /* Resources */ = {
			isa = PBXResourcesBuildPhase;
			buildActionMask = 2147483647;
			files = (
				D396408F1ADA357F00C818CB /* Images.xcassets in Resources */,
				D39640921ADA357F00C818CB /* MainMenu.xib in Resources */,
			);
			runOnlyForDeploymentPostprocessing = 0;
		};
		D39640951ADA357F00C818CB /* Resources */ = {
			isa = PBXResourcesBuildPhase;
			buildActionMask = 2147483647;
			files = (
			);
			runOnlyForDeploymentPostprocessing = 0;
		};
/* End PBXResourcesBuildPhase section */

/* Begin PBXSourcesBuildPhase section */
		D39640831ADA357F00C818CB /* Sources */ = {
			isa = PBXSourcesBuildPhase;
			buildActionMask = 2147483647;
			files = (
				D396408D1ADA357F00C818CB /* AppDelegate.swift in Sources */,
			);
			runOnlyForDeploymentPostprocessing = 0;
		};
		D39640931ADA357F00C818CB /* Sources */ = {
			isa = PBXSourcesBuildPhase;
			buildActionMask = 2147483647;
			files = (
				D396409E1ADA357F00C818CB /* DictionaryProgramTests.swift in Sources */,
			);
			runOnlyForDeploymentPostprocessing = 0;
		};
/* End PBXSourcesBuildPhase section */

/* Begin PBXTargetDependency section */
		D39640991ADA357F00C818CB /* PBXTargetDependency */ = {
			isa = PBXTargetDependency;
			target = D39640861ADA357F00C818CB /* DictionaryProgram */;
			targetProxy = D39640981ADA357F00C818CB /* PBXContainerItemProxy */;
		};
/* End PBXTargetDependency section */

/* Begin PBXVariantGroup section */
		D39640901ADA357F00C818CB /* MainMenu.xib */ = {
			isa = PBXVariantGroup;
			children = (
				D39640911ADA357F00C818CB /* Base */,
			);
			name = MainMenu.xib;
			sourceTree = "<group>";
		};
/* End PBXVariantGroup section */

/* Begin XCBuildConfiguration section */
		D396409F1ADA357F00C818CB /* Debug */ = {
			isa = XCBuildConfiguration;
			buildSettings = {
				ALWAYS_SEARCH_USER_PATHS = NO;
				CLANG_CXX_LANGUAGE_STANDARD = "gnu++0x";
				CLANG_CXX_LIBRARY = "libc++";
				CLANG_ENABLE_MODULES = YES;
				CLANG_ENABLE_OBJC_ARC = YES;
				CLANG_WARN_BOOL_CONVERSION = YES;
				CLANG_WARN_CONSTANT_CONVERSION = YES;
				CLANG_WARN_DIRECT_OBJC_ISA_USAGE = YES_ERROR;
				CLANG_WARN_EMPTY_BODY = YES;
				CLANG_WARN_ENUM_CONVERSION = YES;
				CLANG_WARN_INT_CONVERSION = YES;
				CLANG_WARN_OBJC_ROOT_CLASS = YES_ERROR;
				CLANG_WARN_UNREACHABLE_CODE = YES;
				CLANG_WARN__DUPLICATE_METHOD_MATCH = YES;
				CODE_SIGN_IDENTITY = "-";
				COPY_PHASE_STRIP = NO;
				DEBUG_INFORMATION_FORMAT = dwarf;
				ENABLE_STRICT_OBJC_MSGSEND = YES;
				GCC_C_LANGUAGE_STANDARD = gnu99;
				GCC_DYNAMIC_NO_PIC = NO;
				GCC_NO_COMMON_BLOCKS = YES;
				GCC_OPTIMIZATION_LEVEL = 0;
				GCC_PREPROCESSOR_DEFINITIONS = (
					"DEBUG=1",
					"$(inherited)",
				);
				GCC_SYMBOLS_PRIVATE_EXTERN = NO;
				GCC_WARN_64_TO_32_BIT_CONVERSION = YES;
				GCC_WARN_ABOUT_RETURN_TYPE = YES_ERROR;
				GCC_WARN_UNDECLARED_SELECTOR = YES;
				GCC_WARN_UNINITIALIZED_AUTOS = YES_AGGRESSIVE;
				GCC_WARN_UNUSED_FUNCTION = YES;
				GCC_WARN_UNUSED_VARIABLE = YES;
				MACOSX_DEPLOYMENT_TARGET = 10.10;
				MTL_ENABLE_DEBUG_INFO = YES;
				ONLY_ACTIVE_ARCH = YES;
				SDKROOT = macosx;
				SWIFT_OPTIMIZATION_LEVEL = "-Onone";
			};
			name = Debug;
		};
		D39640A01ADA357F00C818CB /* Release */ = {
			isa = XCBuildConfiguration;
			buildSettings = {
				ALWAYS_SEARCH_USER_PATHS = NO;
				CLANG_CXX_LANGUAGE_STANDARD = "gnu++0x";
				CLANG_CXX_LIBRARY = "libc++";
				CLANG_ENABLE_MODULES = YES;
				CLANG_ENABLE_OBJC_ARC = YES;
				CLANG_WARN_BOOL_CONVERSION = YES;
				CLANG_WARN_CONSTANT_CONVERSION = YES;
				CLANG_WARN_DIRECT_OBJC_ISA_USAGE = YES_ERROR;
				CLANG_WARN_EMPTY_BODY = YES;
				CLANG_WARN_ENUM_CONVERSION = YES;
				CLANG_WARN_INT_CONVERSION = YES;
				CLANG_WARN_OBJC_ROOT_CLASS = YES_ERROR;
				CLANG_WARN_UNREACHABLE_CODE = YES;
				CLANG_WARN__DUPLICATE_METHOD_MATCH = YES;
				CODE_SIGN_IDENTITY = "-";
				COPY_PHASE_STRIP = NO;
				DEBUG_INFORMATION_FORMAT = "dwarf-with-dsym";
				ENABLE_NS_ASSERTIONS = NO;
				ENABLE_STRICT_OBJC_MSGSEND = YES;
				GCC_C_LANGUAGE_STANDARD = gnu99;
				GCC_NO_COMMON_BLOCKS = YES;
				GCC_WARN_64_TO_32_BIT_CONVERSION = YES;
				GCC_WARN_ABOUT_RETURN_TYPE = YES_ERROR;
				GCC_WARN_UNDECLARED_SELECTOR = YES;
				GCC_WARN_UNINITIALIZED_AUTOS = YES_AGGRESSIVE;
				GCC_WARN_UNUSED_FUNCTION = YES;
				GCC_WARN_UNUSED_VARIABLE = YES;
				MACOSX_DEPLOYMENT_TARGET = 10.10;
				MTL_ENABLE_DEBUG_INFO = NO;
				SDKROOT = macosx;
			};
			name = Release;
		};
		D39640A21ADA357F00C818CB /* Debug */ = {
			isa = XCBuildConfiguration;
			buildSettings = {
				ASSETCATALOG_COMPILER_APPICON_NAME = AppIcon;
				COMBINE_HIDPI_IMAGES = YES;
				INFOPLIST_FILE = DictionaryProgram/Info.plist;
				LD_RUNPATH_SEARCH_PATHS = "$(inherited) @executable_path/../Frameworks";
				PRODUCT_NAME = "$(TARGET_NAME)";
			};
			name = Debug;
		};
		D39640A31ADA357F00C818CB /* Release */ = {
			isa = XCBuildConfiguration;
			buildSettings = {
				ASSETCATALOG_COMPILER_APPICON_NAME = AppIcon;
				COMBINE_HIDPI_IMAGES = YES;
				INFOPLIST_FILE = DictionaryProgram/Info.plist;
				LD_RUNPATH_SEARCH_PATHS = "$(inherited) @executable_path/../Frameworks";
				PRODUCT_NAME = "$(TARGET_NAME)";
			};
			name = Release;
		};
		D39640A51ADA357F00C818CB /* Debug */ = {
			isa = XCBuildConfiguration;
			buildSettings = {
				BUNDLE_LOADER = "$(TEST_HOST)";
				COMBINE_HIDPI_IMAGES = YES;
				FRAMEWORK_SEARCH_PATHS = (
					"$(DEVELOPER_FRAMEWORKS_DIR)",
					"$(inherited)",
				);
				GCC_PREPROCESSOR_DEFINITIONS = (
					"DEBUG=1",
					"$(inherited)",
				);
				INFOPLIST_FILE = DictionaryProgramTests/Info.plist;
				LD_RUNPATH_SEARCH_PATHS = "$(inherited) @executable_path/../Frameworks @loader_path/../Frameworks";
				PRODUCT_NAME = "$(TARGET_NAME)";
				TEST_HOST = "$(BUILT_PRODUCTS_DIR)/DictionaryProgram.app/Contents/MacOS/DictionaryProgram";
			};
			name = Debug;
		};
		D39640A61ADA357F00C818CB /* Release */ = {
			isa = XCBuildConfiguration;
			buildSettings = {
				BUNDLE_LOADER = "$(TEST_HOST)";
				COMBINE_HIDPI_IMAGES = YES;
				FRAMEWORK_SEARCH_PATHS = (
					"$(DEVELOPER_FRAMEWORKS_DIR)",
					"$(inherited)",
				);
				INFOPLIST_FILE = DictionaryProgramTests/Info.plist;
				LD_RUNPATH_SEARCH_PATHS = "$(inherited) @executable_path/../Frameworks @loader_path/../Frameworks";
				PRODUCT_NAME = "$(TARGET_NAME)";
				TEST_HOST = "$(BUILT_PRODUCTS_DIR)/DictionaryProgram.app/Contents/MacOS/DictionaryProgram";
			};
			name = Release;
		};
/* End XCBuildConfiguration section */

/* Begin XCConfigurationList section */
		D39640821ADA357F00C818CB /* Build configuration list for PBXProject "DictionaryProgram" */ = {
			isa = XCConfigurationList;
			buildConfigurations = (
				D396409F1ADA357F00C818CB /* Debug */,
				D39640A01ADA357F00C818CB /* Release */,
			);
			defaultConfigurationIsVisible = 0;
			defaultConfigurationName = Release;
		};
		D39640A11ADA357F00C818CB /* Build configuration list for PBXNativeTarget "DictionaryProgram" */ = {
			isa = XCConfigurationList;
			buildConfigurations = (
				D39640A21ADA357F00C818CB /* Debug */,
				D39640A31ADA357F00C818CB /* Release */,
			);
			defaultConfigurationIsVisible = 0;
			defaultConfigurationName = Release;
		};
		D39640A41ADA357F00C818CB /* Build configuration list for PBXNativeTarget "DictionaryProgramTests" */ = {
			isa = XCConfigurationList;
			buildConfigurations = (
				D39640A51ADA357F00C818CB /* Debug */,
				D39640A61ADA357F00C818CB /* Release */,
			);
			defaultConfigurationIsVisible = 0;
			defaultConfigurationName = Release;
		};
/* End XCConfigurationList section */
	};
	rootObject = D396407F1ADA357F00C818CB /* Project object */;
}
