// !$*UTF8*$!
{
	archiveVersion = 1;
	classes = {
	};
	objectVersion = 46;
	objects = {

/* Begin PBXBuildFile section */
		D3961F531B044E5800CB82CC /* AppDelegate.swift in Sources */ = {isa = PBXBuildFile; fileRef = D3961F521B044E5800CB82CC /* AppDelegate.swift */; };
		D3961F551B044E5800CB82CC /* ViewController.swift in Sources */ = {isa = PBXBuildFile; fileRef = D3961F541B044E5800CB82CC /* ViewController.swift */; };
		D3961F571B044E5800CB82CC /* Images.xcassets in Resources */ = {isa = PBXBuildFile; fileRef = D3961F561B044E5800CB82CC /* Images.xcassets */; };
		D3961F5A1B044E5800CB82CC /* Main.storyboard in Resources */ = {isa = PBXBuildFile; fileRef = D3961F581B044E5800CB82CC /* Main.storyboard */; };
		D3961F661B044E5800CB82CC /* StoryMenuTests.swift in Sources */ = {isa = PBXBuildFile; fileRef = D3961F651B044E5800CB82CC /* StoryMenuTests.swift */; };
/* End PBXBuildFile section */

/* Begin PBXContainerItemProxy section */
		D3961F601B044E5800CB82CC /* PBXContainerItemProxy */ = {
			isa = PBXContainerItemProxy;
			containerPortal = D3961F451B044E5800CB82CC /* Project object */;
			proxyType = 1;
			remoteGlobalIDString = D3961F4C1B044E5800CB82CC;
			remoteInfo = StoryMenu;
		};
/* End PBXContainerItemProxy section */

/* Begin PBXFileReference section */
		D3961F4D1B044E5800CB82CC /* StoryMenu.app */ = {isa = PBXFileReference; explicitFileType = wrapper.application; includeInIndex = 0; path = StoryMenu.app; sourceTree = BUILT_PRODUCTS_DIR; };
		D3961F511B044E5800CB82CC /* Info.plist */ = {isa = PBXFileReference; lastKnownFileType = text.plist.xml; path = Info.plist; sourceTree = "<group>"; };
		D3961F521B044E5800CB82CC /* AppDelegate.swift */ = {isa = PBXFileReference; lastKnownFileType = sourcecode.swift; path = AppDelegate.swift; sourceTree = "<group>"; };
		D3961F541B044E5800CB82CC /* ViewController.swift */ = {isa = PBXFileReference; lastKnownFileType = sourcecode.swift; path = ViewController.swift; sourceTree = "<group>"; };
		D3961F561B044E5800CB82CC /* Images.xcassets */ = {isa = PBXFileReference; lastKnownFileType = folder.assetcatalog; path = Images.xcassets; sourceTree = "<group>"; };
		D3961F591B044E5800CB82CC /* Base */ = {isa = PBXFileReference; lastKnownFileType = file.storyboard; name = Base; path = Base.lproj/Main.storyboard; sourceTree = "<group>"; };
		D3961F5F1B044E5800CB82CC /* StoryMenuTests.xctest */ = {isa = PBXFileReference; explicitFileType = wrapper.cfbundle; includeInIndex = 0; path = StoryMenuTests.xctest; sourceTree = BUILT_PRODUCTS_DIR; };
		D3961F641B044E5800CB82CC /* Info.plist */ = {isa = PBXFileReference; lastKnownFileType = text.plist.xml; path = Info.plist; sourceTree = "<group>"; };
		D3961F651B044E5800CB82CC /* StoryMenuTests.swift */ = {isa = PBXFileReference; lastKnownFileType = sourcecode.swift; path = StoryMenuTests.swift; sourceTree = "<group>"; };
/* End PBXFileReference section */

/* Begin PBXFrameworksBuildPhase section */
		D3961F4A1B044E5800CB82CC /* Frameworks */ = {
			isa = PBXFrameworksBuildPhase;
			buildActionMask = 2147483647;
			files = (
			);
			runOnlyForDeploymentPostprocessing = 0;
		};
		D3961F5C1B044E5800CB82CC /* Frameworks */ = {
			isa = PBXFrameworksBuildPhase;
			buildActionMask = 2147483647;
			files = (
			);
			runOnlyForDeploymentPostprocessing = 0;
		};
/* End PBXFrameworksBuildPhase section */

/* Begin PBXGroup section */
		D3961F441B044E5800CB82CC = {
			isa = PBXGroup;
			children = (
				D3961F4F1B044E5800CB82CC /* StoryMenu */,
				D3961F621B044E5800CB82CC /* StoryMenuTests */,
				D3961F4E1B044E5800CB82CC /* Products */,
			);
			sourceTree = "<group>";
		};
		D3961F4E1B044E5800CB82CC /* Products */ = {
			isa = PBXGroup;
			children = (
				D3961F4D1B044E5800CB82CC /* StoryMenu.app */,
				D3961F5F1B044E5800CB82CC /* StoryMenuTests.xctest */,
			);
			name = Products;
			sourceTree = "<group>";
		};
		D3961F4F1B044E5800CB82CC /* StoryMenu */ = {
			isa = PBXGroup;
			children = (
				D3961F521B044E5800CB82CC /* AppDelegate.swift */,
				D3961F541B044E5800CB82CC /* ViewController.swift */,
				D3961F561B044E5800CB82CC /* Images.xcassets */,
				D3961F581B044E5800CB82CC /* Main.storyboard */,
				D3961F501B044E5800CB82CC /* Supporting Files */,
			);
			path = StoryMenu;
			sourceTree = "<group>";
		};
		D3961F501B044E5800CB82CC /* Supporting Files */ = {
			isa = PBXGroup;
			children = (
				D3961F511B044E5800CB82CC /* Info.plist */,
			);
			name = "Supporting Files";
			sourceTree = "<group>";
		};
		D3961F621B044E5800CB82CC /* StoryMenuTests */ = {
			isa = PBXGroup;
			children = (
				D3961F651B044E5800CB82CC /* StoryMenuTests.swift */,
				D3961F631B044E5800CB82CC /* Supporting Files */,
			);
			path = StoryMenuTests;
			sourceTree = "<group>";
		};
		D3961F631B044E5800CB82CC /* Supporting Files */ = {
			isa = PBXGroup;
			children = (
				D3961F641B044E5800CB82CC /* Info.plist */,
			);
			name = "Supporting Files";
			sourceTree = "<group>";
		};
/* End PBXGroup section */

/* Begin PBXNativeTarget section */
		D3961F4C1B044E5800CB82CC /* StoryMenu */ = {
			isa = PBXNativeTarget;
			buildConfigurationList = D3961F691B044E5800CB82CC /* Build configuration list for PBXNativeTarget "StoryMenu" */;
			buildPhases = (
				D3961F491B044E5800CB82CC /* Sources */,
				D3961F4A1B044E5800CB82CC /* Frameworks */,
				D3961F4B1B044E5800CB82CC /* Resources */,
			);
			buildRules = (
			);
			dependencies = (
			);
			name = StoryMenu;
			productName = StoryMenu;
			productReference = D3961F4D1B044E5800CB82CC /* StoryMenu.app */;
			productType = "com.apple.product-type.application";
		};
		D3961F5E1B044E5800CB82CC /* StoryMenuTests */ = {
			isa = PBXNativeTarget;
			buildConfigurationList = D3961F6C1B044E5800CB82CC /* Build configuration list for PBXNativeTarget "StoryMenuTests" */;
			buildPhases = (
				D3961F5B1B044E5800CB82CC /* Sources */,
				D3961F5C1B044E5800CB82CC /* Frameworks */,
				D3961F5D1B044E5800CB82CC /* Resources */,
			);
			buildRules = (
			);
			dependencies = (
				D3961F611B044E5800CB82CC /* PBXTargetDependency */,
			);
			name = StoryMenuTests;
			productName = StoryMenuTests;
			productReference = D3961F5F1B044E5800CB82CC /* StoryMenuTests.xctest */;
			productType = "com.apple.product-type.bundle.unit-test";
		};
/* End PBXNativeTarget section */

/* Begin PBXProject section */
		D3961F451B044E5800CB82CC /* Project object */ = {
			isa = PBXProject;
			attributes = {
				LastSwiftUpdateCheck = 0720;
				LastUpgradeCheck = 0630;
				ORGANIZATIONNAME = "Wallace Wang";
				TargetAttributes = {
					D3961F4C1B044E5800CB82CC = {
						CreatedOnToolsVersion = 6.3.1;
					};
					D3961F5E1B044E5800CB82CC = {
						CreatedOnToolsVersion = 6.3.1;
						TestTargetID = D3961F4C1B044E5800CB82CC;
					};
				};
			};
			buildConfigurationList = D3961F481B044E5800CB82CC /* Build configuration list for PBXProject "StoryMenu" */;
			compatibilityVersion = "Xcode 3.2";
			developmentRegion = English;
			hasScannedForEncodings = 0;
			knownRegions = (
				en,
				Base,
			);
			mainGroup = D3961F441B044E5800CB82CC;
			productRefGroup = D3961F4E1B044E5800CB82CC /* Products */;
			projectDirPath = "";
			projectRoot = "";
			targets = (
				D3961F4C1B044E5800CB82CC /* StoryMenu */,
				D3961F5E1B044E5800CB82CC /* StoryMenuTests */,
			);
		};
/* End PBXProject section */

/* Begin PBXResourcesBuildPhase section */
		D3961F4B1B044E5800CB82CC /* Resources */ = {
			isa = PBXResourcesBuildPhase;
			buildActionMask = 2147483647;
			files = (
				D3961F571B044E5800CB82CC /* Images.xcassets in Resources */,
				D3961F5A1B044E5800CB82CC /* Main.storyboard in Resources */,
			);
			runOnlyForDeploymentPostprocessing = 0;
		};
		D3961F5D1B044E5800CB82CC /* Resources */ = {
			isa = PBXResourcesBuildPhase;
			buildActionMask = 2147483647;
			files = (
			);
			runOnlyForDeploymentPostprocessing = 0;
		};
/* End PBXResourcesBuildPhase section */

/* Begin PBXSourcesBuildPhase section */
		D3961F491B044E5800CB82CC /* Sources */ = {
			isa = PBXSourcesBuildPhase;
			buildActionMask = 2147483647;
			files = (
				D3961F551B044E5800CB82CC /* ViewController.swift in Sources */,
				D3961F531B044E5800CB82CC /* AppDelegate.swift in Sources */,
			);
			runOnlyForDeploymentPostprocessing = 0;
		};
		D3961F5B1B044E5800CB82CC /* Sources */ = {
			isa = PBXSourcesBuildPhase;
			buildActionMask = 2147483647;
			files = (
				D3961F661B044E5800CB82CC /* StoryMenuTests.swift in Sources */,
			);
			runOnlyForDeploymentPostprocessing = 0;
		};
/* End PBXSourcesBuildPhase section */

/* Begin PBXTargetDependency section */
		D3961F611B044E5800CB82CC /* PBXTargetDependency */ = {
			isa = PBXTargetDependency;
			target = D3961F4C1B044E5800CB82CC /* StoryMenu */;
			targetProxy = D3961F601B044E5800CB82CC /* PBXContainerItemProxy */;
		};
/* End PBXTargetDependency section */

/* Begin PBXVariantGroup section */
		D3961F581B044E5800CB82CC /* Main.storyboard */ = {
			isa = PBXVariantGroup;
			children = (
				D3961F591B044E5800CB82CC /* Base */,
			);
			name = Main.storyboard;
			sourceTree = "<group>";
		};
/* End PBXVariantGroup section */

/* Begin XCBuildConfiguration section */
		D3961F671B044E5800CB82CC /* Debug */ = {
			isa = XCBuildConfiguration;
			buildSettings = {
				ALWAYS_SEARCH_USER_PATHS = NO;
				CLANG_CXX_LANGUAGE_STANDARD = "gnu++0x";
				CLANG_CXX_LIBRARY = "libc++";
				CLANG_ENABLE_MODULES = YES;
				CLANG_ENABLE_OBJC_ARC = YES;
				CLANG_WARN_BOOL_CONVERSION = YES;
				CLANG_WARN_CONSTANT_CONVERSION = YES;
				CLANG_WARN_DIRECT_OBJC_ISA_USAGE = YES_ERROR;
				CLANG_WARN_EMPTY_BODY = YES;
				CLANG_WARN_ENUM_CONVERSION = YES;
				CLANG_WARN_INT_CONVERSION = YES;
				CLANG_WARN_OBJC_ROOT_CLASS = YES_ERROR;
				CLANG_WARN_UNREACHABLE_CODE = YES;
				CLANG_WARN__DUPLICATE_METHOD_MATCH = YES;
				CODE_SIGN_IDENTITY = "-";
				COPY_PHASE_STRIP = NO;
				DEBUG_INFORMATION_FORMAT = dwarf;
				ENABLE_STRICT_OBJC_MSGSEND = YES;
				GCC_C_LANGUAGE_STANDARD = gnu99;
				GCC_DYNAMIC_NO_PIC = NO;
				GCC_NO_COMMON_BLOCKS = YES;
				GCC_OPTIMIZATION_LEVEL = 0;
				GCC_PREPROCESSOR_DEFINITIONS = (
					"DEBUG=1",
					"$(inherited)",
				);
				GCC_SYMBOLS_PRIVATE_EXTERN = NO;
				GCC_WARN_64_TO_32_BIT_CONVERSION = YES;
				GCC_WARN_ABOUT_RETURN_TYPE = YES_ERROR;
				GCC_WARN_UNDECLARED_SELECTOR = YES;
				GCC_WARN_UNINITIALIZED_AUTOS = YES_AGGRESSIVE;
				GCC_WARN_UNUSED_FUNCTION = YES;
				GCC_WARN_UNUSED_VARIABLE = YES;
				MACOSX_DEPLOYMENT_TARGET = 10.10;
				MTL_ENABLE_DEBUG_INFO = YES;
				ONLY_ACTIVE_ARCH = YES;
				SDKROOT = macosx;
				SWIFT_OPTIMIZATION_LEVEL = "-Onone";
			};
			name = Debug;
		};
		D3961F681B044E5800CB82CC /* Release */ = {
			isa = XCBuildConfiguration;
			buildSettings = {
				ALWAYS_SEARCH_USER_PATHS = NO;
				CLANG_CXX_LANGUAGE_STANDARD = "gnu++0x";
				CLANG_CXX_LIBRARY = "libc++";
				CLANG_ENABLE_MODULES = YES;
				CLANG_ENABLE_OBJC_ARC = YES;
				CLANG_WARN_BOOL_CONVERSION = YES;
				CLANG_WARN_CONSTANT_CONVERSION = YES;
				CLANG_WARN_DIRECT_OBJC_ISA_USAGE = YES_ERROR;
				CLANG_WARN_EMPTY_BODY = YES;
				CLANG_WARN_ENUM_CONVERSION = YES;
				CLANG_WARN_INT_CONVERSION = YES;
				CLANG_WARN_OBJC_ROOT_CLASS = YES_ERROR;
				CLANG_WARN_UNREACHABLE_CODE = YES;
				CLANG_WARN__DUPLICATE_METHOD_MATCH = YES;
				CODE_SIGN_IDENTITY = "-";
				COPY_PHASE_STRIP = NO;
				DEBUG_INFORMATION_FORMAT = "dwarf-with-dsym";
				ENABLE_NS_ASSERTIONS = NO;
				ENABLE_STRICT_OBJC_MSGSEND = YES;
				GCC_C_LANGUAGE_STANDARD = gnu99;
				GCC_NO_COMMON_BLOCKS = YES;
				GCC_WARN_64_TO_32_BIT_CONVERSION = YES;
				GCC_WARN_ABOUT_RETURN_TYPE = YES_ERROR;
				GCC_WARN_UNDECLARED_SELECTOR = YES;
				GCC_WARN_UNINITIALIZED_AUTOS = YES_AGGRESSIVE;
				GCC_WARN_UNUSED_FUNCTION = YES;
				GCC_WARN_UNUSED_VARIABLE = YES;
				MACOSX_DEPLOYMENT_TARGET = 10.10;
				MTL_ENABLE_DEBUG_INFO = NO;
				SDKROOT = macosx;
			};
			name = Release;
		};
		D3961F6A1B044E5800CB82CC /* Debug */ = {
			isa = XCBuildConfiguration;
			buildSettings = {
				ASSETCATALOG_COMPILER_APPICON_NAME = AppIcon;
				COMBINE_HIDPI_IMAGES = YES;
				INFOPLIST_FILE = StoryMenu/Info.plist;
				LD_RUNPATH_SEARCH_PATHS = "$(inherited) @executable_path/../Frameworks";
				PRODUCT_NAME = "$(TARGET_NAME)";
			};
			name = Debug;
		};
		D3961F6B1B044E5800CB82CC /* Release */ = {
			isa = XCBuildConfiguration;
			buildSettings = {
				ASSETCATALOG_COMPILER_APPICON_NAME = AppIcon;
				COMBINE_HIDPI_IMAGES = YES;
				INFOPLIST_FILE = StoryMenu/Info.plist;
				LD_RUNPATH_SEARCH_PATHS = "$(inherited) @executable_path/../Frameworks";
				PRODUCT_NAME = "$(TARGET_NAME)";
			};
			name = Release;
		};
		D3961F6D1B044E5800CB82CC /* Debug */ = {
			isa = XCBuildConfiguration;
			buildSettings = {
				BUNDLE_LOADER = "$(TEST_HOST)";
				COMBINE_HIDPI_IMAGES = YES;
				FRAMEWORK_SEARCH_PATHS = (
					"$(DEVELOPER_FRAMEWORKS_DIR)",
					"$(inherited)",
				);
				GCC_PREPROCESSOR_DEFINITIONS = (
					"DEBUG=1",
					"$(inherited)",
				);
				INFOPLIST_FILE = StoryMenuTests/Info.plist;
				LD_RUNPATH_SEARCH_PATHS = "$(inherited) @executable_path/../Frameworks @loader_path/../Frameworks";
				PRODUCT_NAME = "$(TARGET_NAME)";
				TEST_HOST = "$(BUILT_PRODUCTS_DIR)/StoryMenu.app/Contents/MacOS/StoryMenu";
			};
			name = Debug;
		};
		D3961F6E1B044E5800CB82CC /* Release */ = {
			isa = XCBuildConfiguration;
			buildSettings = {
				BUNDLE_LOADER = "$(TEST_HOST)";
				COMBINE_HIDPI_IMAGES = YES;
				FRAMEWORK_SEARCH_PATHS = (
					"$(DEVELOPER_FRAMEWORKS_DIR)",
					"$(inherited)",
				);
				INFOPLIST_FILE = StoryMenuTests/Info.plist;
				LD_RUNPATH_SEARCH_PATHS = "$(inherited) @executable_path/../Frameworks @loader_path/../Frameworks";
				PRODUCT_NAME = "$(TARGET_NAME)";
				TEST_HOST = "$(BUILT_PRODUCTS_DIR)/StoryMenu.app/Contents/MacOS/StoryMenu";
			};
			name = Release;
		};
/* End XCBuildConfiguration section */

/* Begin XCConfigurationList section */
		D3961F481B044E5800CB82CC /* Build configuration list for PBXProject "StoryMenu" */ = {
			isa = XCConfigurationList;
			buildConfigurations = (
				D3961F671B044E5800CB82CC /* Debug */,
				D3961F681B044E5800CB82CC /* Release */,
			);
			defaultConfigurationIsVisible = 0;
			defaultConfigurationName = Release;
		};
		D3961F691B044E5800CB82CC /* Build configuration list for PBXNativeTarget "StoryMenu" */ = {
			isa = XCConfigurationList;
			buildConfigurations = (
				D3961F6A1B044E5800CB82CC /* Debug */,
				D3961F6B1B044E5800CB82CC /* Release */,
			);
			defaultConfigurationIsVisible = 0;
			defaultConfigurationName = Release;
		};
		D3961F6C1B044E5800CB82CC /* Build configuration list for PBXNativeTarget "StoryMenuTests" */ = {
			isa = XCConfigurationList;
			buildConfigurations = (
				D3961F6D1B044E5800CB82CC /* Debug */,
				D3961F6E1B044E5800CB82CC /* Release */,
			);
			defaultConfigurationIsVisible = 0;
			defaultConfigurationName = Release;
		};
/* End XCConfigurationList section */
	};
	rootObject = D3961F451B044E5800CB82CC /* Project object */;
}
